// !$*UTF8*$!
{
	archiveVersion = 1;
	classes = {
	};
	objectVersion = 56;
	objects = {

/* Begin PBXBuildFile section */
		BED99BCA2B91F7A900F2A59E /* AppDelegate.swift in Sources */ = {isa = PBXBuildFile; fileRef = BED99BC92B91F7A900F2A59E /* AppDelegate.swift */; };
		BED99BCC2B91F7A900F2A59E /* SceneDelegate.swift in Sources */ = {isa = PBXBuildFile; fileRef = BED99BCB2B91F7A900F2A59E /* SceneDelegate.swift */; };
		BED99BCE2B91F7A900F2A59E /* ViewController.swift in Sources */ = {isa = PBXBuildFile; fileRef = BED99BCD2B91F7A900F2A59E /* ViewController.swift */; };
		BED99BD12B91F7A900F2A59E /* Main.storyboard in Resources */ = {isa = PBXBuildFile; fileRef = BED99BCF2B91F7A900F2A59E /* Main.storyboard */; };
		BED99BD32B91F7AB00F2A59E /* Assets.xcassets in Resources */ = {isa = PBXBuildFile; fileRef = BED99BD22B91F7AB00F2A59E /* Assets.xcassets */; };
		BED99BD62B91F7AB00F2A59E /* LaunchScreen.storyboard in Resources */ = {isa = PBXBuildFile; fileRef = BED99BD42B91F7AB00F2A59E /* LaunchScreen.storyboard */; };
		BED99BDE2B95A95400F2A59E /* ContactPerson.swift in Sources */ = {isa = PBXBuildFile; fileRef = BED99BDD2B95A95400F2A59E /* ContactPerson.swift */; };
		BED99BEA2B985A8500F2A59E /* AppConfig.swift in Sources */ = {isa = PBXBuildFile; fileRef = BED99BE92B985A8500F2A59E /* AppConfig.swift */; };
		BED99BEC2B985AC400F2A59E /* atlasConfig.plist in Resources */ = {isa = PBXBuildFile; fileRef = BED99BEB2B985AC400F2A59E /* atlasConfig.plist */; };
		EA0ACED91F7B12E6FEC032F8 /* Pods_RealmSample.framework in Frameworks */ = {isa = PBXBuildFile; fileRef = B3756FE45661D00A51B801AF /* Pods_RealmSample.framework */; };
/* End PBXBuildFile section */

/* Begin PBXFileReference section */
		B3756FE45661D00A51B801AF /* Pods_RealmSample.framework */ = {isa = PBXFileReference; explicitFileType = wrapper.framework; includeInIndex = 0; path = Pods_RealmSample.framework; sourceTree = BUILT_PRODUCTS_DIR; };
		BED99BC62B91F7A900F2A59E /* RealmSample.app */ = {isa = PBXFileReference; explicitFileType = wrapper.application; includeInIndex = 0; path = RealmSample.app; sourceTree = BUILT_PRODUCTS_DIR; };
		BED99BC92B91F7A900F2A59E /* AppDelegate.swift */ = {isa = PBXFileReference; lastKnownFileType = sourcecode.swift; path = AppDelegate.swift; sourceTree = "<group>"; };
		BED99BCB2B91F7A900F2A59E /* SceneDelegate.swift */ = {isa = PBXFileReference; lastKnownFileType = sourcecode.swift; path = SceneDelegate.swift; sourceTree = "<group>"; };
		BED99BCD2B91F7A900F2A59E /* ViewController.swift */ = {isa = PBXFileReference; lastKnownFileType = sourcecode.swift; path = ViewController.swift; sourceTree = "<group>"; };
		BED99BD02B91F7A900F2A59E /* Base */ = {isa = PBXFileReference; lastKnownFileType = file.storyboard; name = Base; path = Base.lproj/Main.storyboard; sourceTree = "<group>"; };
		BED99BD22B91F7AB00F2A59E /* Assets.xcassets */ = {isa = PBXFileReference; lastKnownFileType = folder.assetcatalog; path = Assets.xcassets; sourceTree = "<group>"; };
		BED99BD52B91F7AB00F2A59E /* Base */ = {isa = PBXFileReference; lastKnownFileType = file.storyboard; name = Base; path = Base.lproj/LaunchScreen.storyboard; sourceTree = "<group>"; };
		BED99BD72B91F7AB00F2A59E /* Info.plist */ = {isa = PBXFileReference; lastKnownFileType = text.plist.xml; path = Info.plist; sourceTree = "<group>"; };
		BED99BDD2B95A95400F2A59E /* ContactPerson.swift */ = {isa = PBXFileReference; lastKnownFileType = sourcecode.swift; path = ContactPerson.swift; sourceTree = "<group>"; };
		BED99BE92B985A8500F2A59E /* AppConfig.swift */ = {isa = PBXFileReference; fileEncoding = 4; lastKnownFileType = sourcecode.swift; path = AppConfig.swift; sourceTree = "<group>"; };
		BED99BEB2B985AC400F2A59E /* atlasConfig.plist */ = {isa = PBXFileReference; fileEncoding = 4; lastKnownFileType = text.plist.xml; path = atlasConfig.plist; sourceTree = "<group>"; };
		C983CB9B74E24D0623ACAA85 /* Pods-RealmSample.release.xcconfig */ = {isa = PBXFileReference; includeInIndex = 1; lastKnownFileType = text.xcconfig; name = "Pods-RealmSample.release.xcconfig"; path = "Target Support Files/Pods-RealmSample/Pods-RealmSample.release.xcconfig"; sourceTree = "<group>"; };
		FC13162448AF60A0894CFBCE /* Pods-RealmSample.debug.xcconfig */ = {isa = PBXFileReference; includeInIndex = 1; lastKnownFileType = text.xcconfig; name = "Pods-RealmSample.debug.xcconfig"; path = "Target Support Files/Pods-RealmSample/Pods-RealmSample.debug.xcconfig"; sourceTree = "<group>"; };
/* End PBXFileReference section */

/* Begin PBXFrameworksBuildPhase section */
		BED99BC32B91F7A900F2A59E /* Frameworks */ = {
			isa = PBXFrameworksBuildPhase;
			buildActionMask = 2147483647;
			files = (
				EA0ACED91F7B12E6FEC032F8 /* Pods_RealmSample.framework in Frameworks */,
			);
			runOnlyForDeploymentPostprocessing = 0;
		};
/* End PBXFrameworksBuildPhase section */

/* Begin PBXGroup section */
		4FB0D1CDB0072F9C4219E286 /* Frameworks */ = {
			isa = PBXGroup;
			children = (
				B3756FE45661D00A51B801AF /* Pods_RealmSample.framework */,
			);
			name = Frameworks;
			sourceTree = "<group>";
		};
		BED99BBD2B91F7A900F2A59E = {
			isa = PBXGroup;
			children = (
				BED99BC82B91F7A900F2A59E /* RealmSample */,
				BED99BC72B91F7A900F2A59E /* Products */,
				DCB99418D415D1E1F6F958AD /* Pods */,
				4FB0D1CDB0072F9C4219E286 /* Frameworks */,
			);
			sourceTree = "<group>";
		};
		BED99BC72B91F7A900F2A59E /* Products */ = {
			isa = PBXGroup;
			children = (
				BED99BC62B91F7A900F2A59E /* RealmSample.app */,
			);
			name = Products;
			sourceTree = "<group>";
		};
		BED99BC82B91F7A900F2A59E /* RealmSample */ = {
			isa = PBXGroup;
			children = (
				BED99BE92B985A8500F2A59E /* AppConfig.swift */,
				BED99BEB2B985AC400F2A59E /* atlasConfig.plist */,
				BED99BC92B91F7A900F2A59E /* AppDelegate.swift */,
				BED99BCB2B91F7A900F2A59E /* SceneDelegate.swift */,
				BED99BCD2B91F7A900F2A59E /* ViewController.swift */,
				BED99BDD2B95A95400F2A59E /* ContactPerson.swift */,
				BED99BCF2B91F7A900F2A59E /* Main.storyboard */,
				BED99BD22B91F7AB00F2A59E /* Assets.xcassets */,
				BED99BD42B91F7AB00F2A59E /* LaunchScreen.storyboard */,
				BED99BD72B91F7AB00F2A59E /* Info.plist */,
			);
			path = RealmSample;
			sourceTree = "<group>";
		};
		DCB99418D415D1E1F6F958AD /* Pods */ = {
			isa = PBXGroup;
			children = (
				FC13162448AF60A0894CFBCE /* Pods-RealmSample.debug.xcconfig */,
				C983CB9B74E24D0623ACAA85 /* Pods-RealmSample.release.xcconfig */,
			);
			path = Pods;
			sourceTree = "<group>";
		};
/* End PBXGroup section */

/* Begin PBXNativeTarget section */
		BED99BC52B91F7A900F2A59E /* RealmSample */ = {
			isa = PBXNativeTarget;
			buildConfigurationList = BED99BDA2B91F7AB00F2A59E /* Build configuration list for PBXNativeTarget "RealmSample" */;
			buildPhases = (
				B30B8B639DCAD57090EF1BE7 /* [CP] Check Pods Manifest.lock */,
				BED99BC22B91F7A900F2A59E /* Sources */,
				BED99BC32B91F7A900F2A59E /* Frameworks */,
				BED99BC42B91F7A900F2A59E /* Resources */,
				6476D5B701B58DF05C8A94BF /* [CP] Embed Pods Frameworks */,
			);
			buildRules = (
			);
			dependencies = (
			);
			name = RealmSample;
			productName = RealmSample;
			productReference = BED99BC62B91F7A900F2A59E /* RealmSample.app */;
			productType = "com.apple.product-type.application";
		};
/* End PBXNativeTarget section */

/* Begin PBXProject section */
		BED99BBE2B91F7A900F2A59E /* Project object */ = {
			isa = PBXProject;
			attributes = {
				BuildIndependentTargetsInParallel = 1;
				LastSwiftUpdateCheck = 1430;
				LastUpgradeCheck = 1430;
				TargetAttributes = {
					BED99BC52B91F7A900F2A59E = {
						CreatedOnToolsVersion = 14.3.1;
					};
				};
			};
			buildConfigurationList = BED99BC12B91F7A900F2A59E /* Build configuration list for PBXProject "RealmSample" */;
			compatibilityVersion = "Xcode 14.0";
			developmentRegion = en;
			hasScannedForEncodings = 0;
			knownRegions = (
				en,
				Base,
			);
			mainGroup = BED99BBD2B91F7A900F2A59E;
			productRefGroup = BED99BC72B91F7A900F2A59E /* Products */;
			projectDirPath = "";
			projectRoot = "";
			targets = (
				BED99BC52B91F7A900F2A59E /* RealmSample */,
			);
		};
/* End PBXProject section */

/* Begin PBXResourcesBuildPhase section */
		BED99BC42B91F7A900F2A59E /* Resources */ = {
			isa = PBXResourcesBuildPhase;
			buildActionMask = 2147483647;
			files = (
				BED99BD62B91F7AB00F2A59E /* LaunchScreen.storyboard in Resources */,
				BED99BD32B91F7AB00F2A59E /* Assets.xcassets in Resources */,
				BED99BEC2B985AC400F2A59E /* atlasConfig.plist in Resources */,
				BED99BD12B91F7A900F2A59E /* Main.storyboard in Resources */,
			);
			runOnlyForDeploymentPostprocessing = 0;
		};
/* End PBXResourcesBuildPhase section */

/* Begin PBXShellScriptBuildPhase section */
		6476D5B701B58DF05C8A94BF /* [CP] Embed Pods Frameworks */ = {
			isa = PBXShellScriptBuildPhase;
			buildActionMask = 2147483647;
			files = (
			);
			inputFileListPaths = (
				"${PODS_ROOT}/Target Support Files/Pods-RealmSample/Pods-RealmSample-frameworks-${CONFIGURATION}-input-files.xcfilelist",
			);
			name = "[CP] Embed Pods Frameworks";
			outputFileListPaths = (
				"${PODS_ROOT}/Target Support Files/Pods-RealmSample/Pods-RealmSample-frameworks-${CONFIGURATION}-output-files.xcfilelist",
			);
			runOnlyForDeploymentPostprocessing = 0;
			shellPath = /bin/sh;
			shellScript = "\"${PODS_ROOT}/Target Support Files/Pods-RealmSample/Pods-RealmSample-frameworks.sh\"\n";
			showEnvVarsInLog = 0;
		};
		B30B8B639DCAD57090EF1BE7 /* [CP] Check Pods Manifest.lock */ = {
			isa = PBXShellScriptBuildPhase;
			buildActionMask = 2147483647;
			files = (
			);
			inputFileListPaths = (
			);
			inputPaths = (
				"${PODS_PODFILE_DIR_PATH}/Podfile.lock",
				"${PODS_ROOT}/Manifest.lock",
			);
			name = "[CP] Check Pods Manifest.lock";
			outputFileListPaths = (
			);
			outputPaths = (
				"$(DERIVED_FILE_DIR)/Pods-RealmSample-checkManifestLockResult.txt",
			);
			runOnlyForDeploymentPostprocessing = 0;
			shellPath = /bin/sh;
			shellScript = "diff \"${PODS_PODFILE_DIR_PATH}/Podfile.lock\" \"${PODS_ROOT}/Manifest.lock\" > /dev/null\nif [ $? != 0 ] ; then\n    # print error to STDERR\n    echo \"error: The sandbox is not in sync with the Podfile.lock. Run 'pod install' or update your CocoaPods installation.\" >&2\n    exit 1\nfi\n# This output is used by Xcode 'outputs' to avoid re-running this script phase.\necho \"SUCCESS\" > \"${SCRIPT_OUTPUT_FILE_0}\"\n";
			showEnvVarsInLog = 0;
		};
/* End PBXShellScriptBuildPhase section */

/* Begin PBXSourcesBuildPhase section */
		BED99BC22B91F7A900F2A59E /* Sources */ = {
			isa = PBXSourcesBuildPhase;
			buildActionMask = 2147483647;
			files = (
				BED99BCE2B91F7A900F2A59E /* ViewController.swift in Sources */,
				BED99BEA2B985A8500F2A59E /* AppConfig.swift in Sources */,
				BED99BDE2B95A95400F2A59E /* ContactPerson.swift in Sources */,
				BED99BCA2B91F7A900F2A59E /* AppDelegate.swift in Sources */,
				BED99BCC2B91F7A900F2A59E /* SceneDelegate.swift in Sources */,
			);
			runOnlyForDeploymentPostprocessing = 0;
		};
/* End PBXSourcesBuildPhase section */

/* Begin PBXVariantGroup section */
		BED99BCF2B91F7A900F2A59E /* Main.storyboard */ = {
			isa = PBXVariantGroup;
			children = (
				BED99BD02B91F7A900F2A59E /* Base */,
			);
			name = Main.storyboard;
			sourceTree = "<group>";
		};
		BED99BD42B91F7AB00F2A59E /* LaunchScreen.storyboard */ = {
			isa = PBXVariantGroup;
			children = (
				BED99BD52B91F7AB00F2A59E /* Base */,
			);
			name = LaunchScreen.storyboard;
			sourceTree = "<group>";
		};
/* End PBXVariantGroup section */

/* Begin XCBuildConfiguration section */
		BED99BD82B91F7AB00F2A59E /* Debug */ = {
			isa = XCBuildConfiguration;
			buildSettings = {
				ALWAYS_SEARCH_USER_PATHS = NO;
				CLANG_ANALYZER_NONNULL = YES;
				CLANG_ANALYZER_NUMBER_OBJECT_CONVERSION = YES_AGGRESSIVE;
				CLANG_CXX_LANGUAGE_STANDARD = "gnu++20";
				CLANG_ENABLE_MODULES = YES;
				CLANG_ENABLE_OBJC_ARC = YES;
				CLANG_ENABLE_OBJC_WEAK = YES;
				CLANG_WARN_BLOCK_CAPTURE_AUTORELEASING = YES;
				CLANG_WARN_BOOL_CONVERSION = YES;
				CLANG_WARN_COMMA = YES;
				CLANG_WARN_CONSTANT_CONVERSION = YES;
				CLANG_WARN_DEPRECATED_OBJC_IMPLEMENTATIONS = YES;
				CLANG_WARN_DIRECT_OBJC_ISA_USAGE = YES_ERROR;
				CLANG_WARN_DOCUMENTATION_COMMENTS = YES;
				CLANG_WARN_EMPTY_BODY = YES;
				CLANG_WARN_ENUM_CONVERSION = YES;
				CLANG_WARN_INFINITE_RECURSION = YES;
				CLANG_WARN_INT_CONVERSION = YES;
				CLANG_WARN_NON_LITERAL_NULL_CONVERSION = YES;
				CLANG_WARN_OBJC_IMPLICIT_RETAIN_SELF = YES;
				CLANG_WARN_OBJC_LITERAL_CONVERSION = YES;
				CLANG_WARN_OBJC_ROOT_CLASS = YES_ERROR;
				CLANG_WARN_QUOTED_INCLUDE_IN_FRAMEWORK_HEADER = YES;
				CLANG_WARN_RANGE_LOOP_ANALYSIS = YES;
				CLANG_WARN_STRICT_PROTOTYPES = YES;
				CLANG_WARN_SUSPICIOUS_MOVE = YES;
				CLANG_WARN_UNGUARDED_AVAILABILITY = YES_AGGRESSIVE;
				CLANG_WARN_UNREACHABLE_CODE = YES;
				CLANG_WARN__DUPLICATE_METHOD_MATCH = YES;
				COPY_PHASE_STRIP = NO;
				DEBUG_INFORMATION_FORMAT = dwarf;
				ENABLE_STRICT_OBJC_MSGSEND = YES;
				ENABLE_TESTABILITY = YES;
				GCC_C_LANGUAGE_STANDARD = gnu11;
				GCC_DYNAMIC_NO_PIC = NO;
				GCC_NO_COMMON_BLOCKS = YES;
				GCC_OPTIMIZATION_LEVEL = 0;
				GCC_PREPROCESSOR_DEFINITIONS = (
					"DEBUG=1",
					"$(inherited)",
				);
				GCC_WARN_64_TO_32_BIT_CONVERSION = YES;
				GCC_WARN_ABOUT_RETURN_TYPE = YES_ERROR;
				GCC_WARN_UNDECLARED_SELECTOR = YES;
				GCC_WARN_UNINITIALIZED_AUTOS = YES_AGGRESSIVE;
				GCC_WARN_UNUSED_FUNCTION = YES;
				GCC_WARN_UNUSED_VARIABLE = YES;
				IPHONEOS_DEPLOYMENT_TARGET = 16.4;
				MTL_ENABLE_DEBUG_INFO = INCLUDE_SOURCE;
				MTL_FAST_MATH = YES;
				ONLY_ACTIVE_ARCH = YES;
				SDKROOT = iphoneos;
				SWIFT_ACTIVE_COMPILATION_CONDITIONS = DEBUG;
				SWIFT_OPTIMIZATION_LEVEL = "-Onone";
			};
			name = Debug;
		};
		BED99BD92B91F7AB00F2A59E /* Release */ = {
			isa = XCBuildConfiguration;
			buildSettings = {
				ALWAYS_SEARCH_USER_PATHS = NO;
				CLANG_ANALYZER_NONNULL = YES;
				CLANG_ANALYZER_NUMBER_OBJECT_CONVERSION = YES_AGGRESSIVE;
				CLANG_CXX_LANGUAGE_STANDARD = "gnu++20";
				CLANG_ENABLE_MODULES = YES;
				CLANG_ENABLE_OBJC_ARC = YES;
				CLANG_ENABLE_OBJC_WEAK = YES;
				CLANG_WARN_BLOCK_CAPTURE_AUTORELEASING = YES;
				CLANG_WARN_BOOL_CONVERSION = YES;
				CLANG_WARN_COMMA = YES;
				CLANG_WARN_CONSTANT_CONVERSION = YES;
				CLANG_WARN_DEPRECATED_OBJC_IMPLEMENTATIONS = YES;
				CLANG_WARN_DIRECT_OBJC_ISA_USAGE = YES_ERROR;
				CLANG_WARN_DOCUMENTATION_COMMENTS = YES;
				CLANG_WARN_EMPTY_BODY = YES;
				CLANG_WARN_ENUM_CONVERSION = YES;
				CLANG_WARN_INFINITE_RECURSION = YES;
				CLANG_WARN_INT_CONVERSION = YES;
				CLANG_WARN_NON_LITERAL_NULL_CONVERSION = YES;
				CLANG_WARN_OBJC_IMPLICIT_RETAIN_SELF = YES;
				CLANG_WARN_OBJC_LITERAL_CONVERSION = YES;
				CLANG_WARN_OBJC_ROOT_CLASS = YES_ERROR;
				CLANG_WARN_QUOTED_INCLUDE_IN_FRAMEWORK_HEADER = YES;
				CLANG_WARN_RANGE_LOOP_ANALYSIS = YES;
				CLANG_WARN_STRICT_PROTOTYPES = YES;
				CLANG_WARN_SUSPICIOUS_MOVE = YES;
				CLANG_WARN_UNGUARDED_AVAILABILITY = YES_AGGRESSIVE;
				CLANG_WARN_UNREACHABLE_CODE = YES;
				CLANG_WARN__DUPLICATE_METHOD_MATCH = YES;
				COPY_PHASE_STRIP = NO;
				DEBUG_INFORMATION_FORMAT = "dwarf-with-dsym";
				ENABLE_NS_ASSERTIONS = NO;
				ENABLE_STRICT_OBJC_MSGSEND = YES;
				GCC_C_LANGUAGE_STANDARD = gnu11;
				GCC_NO_COMMON_BLOCKS = YES;
				GCC_WARN_64_TO_32_BIT_CONVERSION = YES;
				GCC_WARN_ABOUT_RETURN_TYPE = YES_ERROR;
				GCC_WARN_UNDECLARED_SELECTOR = YES;
				GCC_WARN_UNINITIALIZED_AUTOS = YES_AGGRESSIVE;
				GCC_WARN_UNUSED_FUNCTION = YES;
				GCC_WARN_UNUSED_VARIABLE = YES;
				IPHONEOS_DEPLOYMENT_TARGET = 16.4;
				MTL_ENABLE_DEBUG_INFO = NO;
				MTL_FAST_MATH = YES;
				SDKROOT = iphoneos;
				SWIFT_COMPILATION_MODE = wholemodule;
				SWIFT_OPTIMIZATION_LEVEL = "-O";
				VALIDATE_PRODUCT = YES;
			};
			name = Release;
		};
		BED99BDB2B91F7AB00F2A59E /* Debug */ = {
			isa = XCBuildConfiguration;
			baseConfigurationReference = FC13162448AF60A0894CFBCE /* Pods-RealmSample.debug.xcconfig */;
			buildSettings = {
				ASSETCATALOG_COMPILER_APPICON_NAME = AppIcon;
				ASSETCATALOG_COMPILER_GLOBAL_ACCENT_COLOR_NAME = AccentColor;
				CODE_SIGN_STYLE = Automatic;
				CURRENT_PROJECT_VERSION = 1;
				DEVELOPMENT_TEAM = 98X9DUC89A;
				GENERATE_INFOPLIST_FILE = YES;
				INFOPLIST_FILE = RealmSample/Info.plist;
				INFOPLIST_KEY_UIApplicationSupportsIndirectInputEvents = YES;
				INFOPLIST_KEY_UILaunchStoryboardName = LaunchScreen;
				INFOPLIST_KEY_UIMainStoryboardFile = Main;
				INFOPLIST_KEY_UISupportedInterfaceOrientations_iPad = "UIInterfaceOrientationPortrait UIInterfaceOrientationPortraitUpsideDown UIInterfaceOrientationLandscapeLeft UIInterfaceOrientationLandscapeRight";
				INFOPLIST_KEY_UISupportedInterfaceOrientations_iPhone = "UIInterfaceOrientationPortrait UIInterfaceOrientationLandscapeLeft UIInterfaceOrientationLandscapeRight";
				LD_RUNPATH_SEARCH_PATHS = (
					"$(inherited)",
					"@executable_path/Frameworks",
				);
				MARKETING_VERSION = 1.0;
				PRODUCT_BUNDLE_IDENTIFIER = com.gv.learning.uat.RealmSample;
				PRODUCT_NAME = "$(TARGET_NAME)";
				SWIFT_EMIT_LOC_STRINGS = YES;
				SWIFT_VERSION = 5.0;
				TARGETED_DEVICE_FAMILY = "1,2";
			};
			name = Debug;
		};
		BED99BDC2B91F7AB00F2A59E /* Release */ = {
			isa = XCBuildConfiguration;
			baseConfigurationReference = C983CB9B74E24D0623ACAA85 /* Pods-RealmSample.release.xcconfig */;
			buildSettings = {
				ASSETCATALOG_COMPILER_APPICON_NAME = AppIcon;
				ASSETCATALOG_COMPILER_GLOBAL_ACCENT_COLOR_NAME = AccentColor;
				CODE_SIGN_STYLE = Automatic;
				CURRENT_PROJECT_VERSION = 1;
				DEVELOPMENT_TEAM = 98X9DUC89A;
				GENERATE_INFOPLIST_FILE = YES;
				INFOPLIST_FILE = RealmSample/Info.plist;
				INFOPLIST_KEY_UIApplicationSupportsIndirectInputEvents = YES;
				INFOPLIST_KEY_UILaunchStoryboardName = LaunchScreen;
				INFOPLIST_KEY_UIMainStoryboardFile = Main;
				INFOPLIST_KEY_UISupportedInterfaceOrientations_iPad = "UIInterfaceOrientationPortrait UIInterfaceOrientationPortraitUpsideDown UIInterfaceOrientationLandscapeLeft UIInterfaceOrientationLandscapeRight";
				INFOPLIST_KEY_UISupportedInterfaceOrientations_iPhone = "UIInterfaceOrientationPortrait UIInterfaceOrientationLandscapeLeft UIInterfaceOrientationLandscapeRight";
				LD_RUNPATH_SEARCH_PATHS = (
					"$(inherited)",
					"@executable_path/Frameworks",
				);
				MARKETING_VERSION = 1.0;
				PRODUCT_BUNDLE_IDENTIFIER = com.gv.learning.uat.RealmSample;
				PRODUCT_NAME = "$(TARGET_NAME)";
				SWIFT_EMIT_LOC_STRINGS = YES;
				SWIFT_VERSION = 5.0;
				TARGETED_DEVICE_FAMILY = "1,2";
			};
			name = Release;
		};
/* End XCBuildConfiguration section */

/* Begin XCConfigurationList section */
		BED99BC12B91F7A900F2A59E /* Build configuration list for PBXProject "RealmSample" */ = {
			isa = XCConfigurationList;
			buildConfigurations = (
				BED99BD82B91F7AB00F2A59E /* Debug */,
				BED99BD92B91F7AB00F2A59E /* Release */,
			);
			defaultConfigurationIsVisible = 0;
			defaultConfigurationName = Release;
		};
		BED99BDA2B91F7AB00F2A59E /* Build configuration list for PBXNativeTarget "RealmSample" */ = {
			isa = XCConfigurationList;
			buildConfigurations = (
				BED99BDB2B91F7AB00F2A59E /* Debug */,
				BED99BDC2B91F7AB00F2A59E /* Release */,
			);
			defaultConfigurationIsVisible = 0;
			defaultConfigurationName = Release;
		};
/* End XCConfigurationList section */
	};
	rootObject = BED99BBE2B91F7A900F2A59E /* Project object */;
}
